
Microsoft Visual Studio Solution File, Format Version 12.00
# Visual Studio Version 16
VisualStudioVersion = 16.0.29411.108
MinimumVisualStudioVersion = 10.0.40219.1
Project("{6EC3EE1D-3C4E-46DD-8F32-0CC8E7565705}") = "OurTextAdventure", "OurTextAdventure\OurTextAdventure.fsproj", "{E6561F85-5652-4985-AF12-BF84F2399385}"
EndProject
Project("{F2A71F9B-5D33-465A-A702-920D77279786}") = "OurTextAdventure.ConsoleApp", "OurTextAdventure.ConsoleApp\OurTextAdventure.ConsoleApp.fsproj", "{A4D4569F-8944-4B2D-9F5F-3F243D4160C6}"
EndProject
Project("{F2A71F9B-5D33-465A-A702-920D77279786}") = "OurTextAdventure.Tests", "OurTextAdventure.Tests\OurTextAdventure.Tests.fsproj", "{281E01DB-243D-4C25-83BC-ED36E463C7D2}"
EndProject
Global
	GlobalSection(SolutionConfigurationPlatforms) = preSolution
		Debug|Any CPU = Debug|Any CPU
		Release|Any CPU = Release|Any CPU
	EndGlobalSection
	GlobalSection(ProjectConfigurationPlatforms) = postSolution
		{E6561F85-5652-4985-AF12-BF84F2399385}.Debug|Any CPU.ActiveCfg = Debug|Any CPU
		{E6561F85-5652-4985-AF12-BF84F2399385}.Debug|Any CPU.Build.0 = Debug|Any CPU
		{E6561F85-5652-4985-AF12-BF84F2399385}.Release|Any CPU.ActiveCfg = Release|Any CPU
		{E6561F85-5652-4985-AF12-BF84F2399385}.Release|Any CPU.Build.0 = Release|Any CPU
		{A4D4569F-8944-4B2D-9F5F-3F243D4160C6}.Debug|Any CPU.ActiveCfg = Debug|Any CPU
		{A4D4569F-8944-4B2D-9F5F-3F243D4160C6}.Debug|Any CPU.Build.0 = Debug|Any CPU
		{A4D4569F-8944-4B2D-9F5F-3F243D4160C6}.Release|Any CPU.ActiveCfg = Release|Any CPU
		{A4D4569F-8944-4B2D-9F5F-3F243D4160C6}.Release|Any CPU.Build.0 = Release|Any CPU
		{281E01DB-243D-4C25-83BC-ED36E463C7D2}.Debug|Any CPU.ActiveCfg = Debug|Any CPU
		{281E01DB-243D-4C25-83BC-ED36E463C7D2}.Debug|Any CPU.Build.0 = Debug|Any CPU
		{281E01DB-243D-4C25-83BC-ED36E463C7D2}.Release|Any CPU.ActiveCfg = Release|Any CPU
		{281E01DB-243D-4C25-83BC-ED36E463C7D2}.Release|Any CPU.Build.0 = Release|Any CPU
	EndGlobalSection
	GlobalSection(SolutionProperties) = preSolution
		HideSolutionNode = FALSE
	EndGlobalSection
	GlobalSection(ExtensibilityGlobals) = postSolution
		SolutionGuid = {330152AB-0C6D-490F-9CBA-5488FB1F5CB6}
	EndGlobalSection
EndGlobal
